{
  "name": "codex-lan-companion",
  "version": "0.1.0",
  "lockfileVersion": 3,
  "requires": true,
  "packages": {
    "": {
      "name": "codex-lan-companion",
      "version": "0.1.0",
      "license": "MIT",
      "dependencies": {
        "qrcode-terminal": "^0.12.0"
      },
      "bin": {
        "codex-lan-companion": "server.js",
        "codex-lan-companion-install-service": "scripts/install-service.js",
        "codex-lan-companion-uninstall-service": "scripts/uninstall-service.js"
      },
      "engines": {
        "node": ">=18"
      }
    },
    "node_modules/qrcode-terminal": {
      "version": "0.12.0",
      "resolved": "https://registry.npmjs.org/qrcode-terminal/-/qrcode-terminal-0.12.0.tgz",
      "integrity": "sha512-EXtzRZmC+YGmGlDFbXKxQiMZNwCLEO6BANKXG4iCtSIM0yqc/pappSx3RIKr4r0uh5JsBckOXeKrB3Iz7mdQpQ==",
      "bin": {
        "qrcode-terminal": "bin/qrcode-terminal.js"
      }
    }
  }
}
